
Microsoft Visual Studio Solution File, Format Version 12.00
# Visual Studio 2012
Project("{FAE04EC0-301F-11D3-BF4B-00C04F79EFBC}") = "File System Watcher", "File System Watcher\File System Watcher.csproj", "{A7F2059B-3740-4622-BA6E-58311B8E5334}"
EndProject
Global
	GlobalSection(SolutionConfigurationPlatforms) = preSolution
		Debug|Any CPU = Debug|Any CPU
		Release|Any CPU = Release|Any CPU
	EndGlobalSection
	GlobalSection(ProjectConfigurationPlatforms) = postSolution
		{A7F2059B-3740-4622-BA6E-58311B8E5334}.Debug|Any CPU.ActiveCfg = Debug|Any CPU
		{A7F2059B-3740-4622-BA6E-58311B8E5334}.Debug|Any CPU.Build.0 = Debug|Any CPU
		{A7F2059B-3740-4622-BA6E-58311B8E5334}.Release|Any CPU.ActiveCfg = Release|Any CPU
		{A7F2059B-3740-4622-BA6E-58311B8E5334}.Release|Any CPU.Build.0 = Release|Any CPU
	EndGlobalSection
	GlobalSection(SolutionProperties) = preSolution
		HideSolutionNode = FALSE
	EndGlobalSection
EndGlobal
